// !$*UTF8*$!
{
	archiveVersion = 1;
	classes = {
	};
	objectVersion = 50;
	objects = {

/* Begin PBXBuildFile section */
		46C2EFB523D90EC400E6F258 /* AppDelegate.swift in Sources */ = {isa = PBXBuildFile; fileRef = 46C2EFB423D90EC400E6F258 /* AppDelegate.swift */; };
		46C2EFB723D90EC400E6F258 /* SceneDelegate.swift in Sources */ = {isa = PBXBuildFile; fileRef = 46C2EFB623D90EC400E6F258 /* SceneDelegate.swift */; };
		46C2EFB923D90EC400E6F258 /* ViewController.swift in Sources */ = {isa = PBXBuildFile; fileRef = 46C2EFB823D90EC400E6F258 /* ViewController.swift */; };
		46C2EFBC23D90EC400E6F258 /* Main.storyboard in Resources */ = {isa = PBXBuildFile; fileRef = 46C2EFBA23D90EC400E6F258 /* Main.storyboard */; };
		46C2EFBE23D90EC500E6F258 /* Assets.xcassets in Resources */ = {isa = PBXBuildFile; fileRef = 46C2EFBD23D90EC500E6F258 /* Assets.xcassets */; };
		46C2EFC123D90EC500E6F258 /* LaunchScreen.storyboard in Resources */ = {isa = PBXBuildFile; fileRef = 46C2EFBF23D90EC500E6F258 /* LaunchScreen.storyboard */; };
		46C2EFCC23D90EC500E6F258 /* TestyTests.swift in Sources */ = {isa = PBXBuildFile; fileRef = 46C2EFCB23D90EC500E6F258 /* TestyTests.swift */; };
		46C2EFD723D90EC500E6F258 /* TestyUITests.swift in Sources */ = {isa = PBXBuildFile; fileRef = 46C2EFD623D90EC500E6F258 /* TestyUITests.swift */; };
/* End PBXBuildFile section */

/* Begin PBXContainerItemProxy section */
		46C2EFC823D90EC500E6F258 /* PBXContainerItemProxy */ = {
			isa = PBXContainerItemProxy;
			containerPortal = 46C2EFA923D90EC400E6F258 /* Project object */;
			proxyType = 1;
			remoteGlobalIDString = 46C2EFB023D90EC400E6F258;
			remoteInfo = Testy;
		};
		46C2EFD323D90EC500E6F258 /* PBXContainerItemProxy */ = {
			isa = PBXContainerItemProxy;
			containerPortal = 46C2EFA923D90EC400E6F258 /* Project object */;
			proxyType = 1;
			remoteGlobalIDString = 46C2EFB023D90EC400E6F258;
			remoteInfo = Testy;
		};
/* End PBXContainerItemProxy section */

/* Begin PBXFileReference section */
		46C2EFB123D90EC400E6F258 /* Testy.app */ = {isa = PBXFileReference; explicitFileType = wrapper.application; includeInIndex = 0; path = Testy.app; sourceTree = BUILT_PRODUCTS_DIR; };
		46C2EFB423D90EC400E6F258 /* AppDelegate.swift */ = {isa = PBXFileReference; lastKnownFileType = sourcecode.swift; path = AppDelegate.swift; sourceTree = "<group>"; };
		46C2EFB623D90EC400E6F258 /* SceneDelegate.swift */ = {isa = PBXFileReference; lastKnownFileType = sourcecode.swift; path = SceneDelegate.swift; sourceTree = "<group>"; };
		46C2EFB823D90EC400E6F258 /* ViewController.swift */ = {isa = PBXFileReference; lastKnownFileType = sourcecode.swift; path = ViewController.swift; sourceTree = "<group>"; };
		46C2EFBB23D90EC400E6F258 /* Base */ = {isa = PBXFileReference; lastKnownFileType = file.storyboard; name = Base; path = Base.lproj/Main.storyboard; sourceTree = "<group>"; };
		46C2EFBD23D90EC500E6F258 /* Assets.xcassets */ = {isa = PBXFileReference; lastKnownFileType = folder.assetcatalog; path = Assets.xcassets; sourceTree = "<group>"; };
		46C2EFC023D90EC500E6F258 /* Base */ = {isa = PBXFileReference; lastKnownFileType = file.storyboard; name = Base; path = Base.lproj/LaunchScreen.storyboard; sourceTree = "<group>"; };
		46C2EFC223D90EC500E6F258 /* Info.plist */ = {isa = PBXFileReference; lastKnownFileType = text.plist.xml; path = Info.plist; sourceTree = "<group>"; };
		46C2EFC723D90EC500E6F258 /* TestyTests.xctest */ = {isa = PBXFileReference; explicitFileType = wrapper.cfbundle; includeInIndex = 0; path = TestyTests.xctest; sourceTree = BUILT_PRODUCTS_DIR; };
		46C2EFCB23D90EC500E6F258 /* TestyTests.swift */ = {isa = PBXFileReference; lastKnownFileType = sourcecode.swift; path = TestyTests.swift; sourceTree = "<group>"; };
		46C2EFCD23D90EC500E6F258 /* Info.plist */ = {isa = PBXFileReference; lastKnownFileType = text.plist.xml; path = Info.plist; sourceTree = "<group>"; };
		46C2EFD223D90EC500E6F258 /* TestyUITests.xctest */ = {isa = PBXFileReference; explicitFileType = wrapper.cfbundle; includeInIndex = 0; path = TestyUITests.xctest; sourceTree = BUILT_PRODUCTS_DIR; };
		46C2EFD623D90EC500E6F258 /* TestyUITests.swift */ = {isa = PBXFileReference; lastKnownFileType = sourcecode.swift; path = TestyUITests.swift; sourceTree = "<group>"; };
		46C2EFD823D90EC500E6F258 /* Info.plist */ = {isa = PBXFileReference; lastKnownFileType = text.plist.xml; path = Info.plist; sourceTree = "<group>"; };
/* End PBXFileReference section */

/* Begin PBXFrameworksBuildPhase section */
		46C2EFAE23D90EC400E6F258 /* Frameworks */ = {
			isa = PBXFrameworksBuildPhase;
			buildActionMask = 2147483647;
			files = (
			);
			runOnlyForDeploymentPostprocessing = 0;
		};
		46C2EFC423D90EC500E6F258 /* Frameworks */ = {
			isa = PBXFrameworksBuildPhase;
			buildActionMask = 2147483647;
			files = (
			);
			runOnlyForDeploymentPostprocessing = 0;
		};
		46C2EFCF23D90EC500E6F258 /* Frameworks */ = {
			isa = PBXFrameworksBuildPhase;
			buildActionMask = 2147483647;
			files = (
			);
			runOnlyForDeploymentPostprocessing = 0;
		};
/* End PBXFrameworksBuildPhase section */

/* Begin PBXGroup section */
		46C2EFA823D90EC400E6F258 = {
			isa = PBXGroup;
			children = (
				46C2EFB323D90EC400E6F258 /* Testy */,
				46C2EFCA23D90EC500E6F258 /* TestyTests */,
				46C2EFD523D90EC500E6F258 /* TestyUITests */,
				46C2EFB223D90EC400E6F258 /* Products */,
			);
			sourceTree = "<group>";
		};
		46C2EFB223D90EC400E6F258 /* Products */ = {
			isa = PBXGroup;
			children = (
				46C2EFB123D90EC400E6F258 /* Testy.app */,
				46C2EFC723D90EC500E6F258 /* TestyTests.xctest */,
				46C2EFD223D90EC500E6F258 /* TestyUITests.xctest */,
			);
			name = Products;
			sourceTree = "<group>";
		};
		46C2EFB323D90EC400E6F258 /* Testy */ = {
			isa = PBXGroup;
			children = (
				46C2EFB423D90EC400E6F258 /* AppDelegate.swift */,
				46C2EFB623D90EC400E6F258 /* SceneDelegate.swift */,
				46C2EFB823D90EC400E6F258 /* ViewController.swift */,
				46C2EFBA23D90EC400E6F258 /* Main.storyboard */,
				46C2EFBD23D90EC500E6F258 /* Assets.xcassets */,
				46C2EFBF23D90EC500E6F258 /* LaunchScreen.storyboard */,
				46C2EFC223D90EC500E6F258 /* Info.plist */,
			);
			path = Testy;
			sourceTree = "<group>";
		};
		46C2EFCA23D90EC500E6F258 /* TestyTests */ = {
			isa = PBXGroup;
			children = (
				46C2EFCB23D90EC500E6F258 /* TestyTests.swift */,
				46C2EFCD23D90EC500E6F258 /* Info.plist */,
			);
			path = TestyTests;
			sourceTree = "<group>";
		};
		46C2EFD523D90EC500E6F258 /* TestyUITests */ = {
			isa = PBXGroup;
			children = (
				46C2EFD623D90EC500E6F258 /* TestyUITests.swift */,
				46C2EFD823D90EC500E6F258 /* Info.plist */,
			);
			path = TestyUITests;
			sourceTree = "<group>";
		};
/* End PBXGroup section */

/* Begin PBXNativeTarget section */
		46C2EFB023D90EC400E6F258 /* Testy */ = {
			isa = PBXNativeTarget;
			buildConfigurationList = 46C2EFDB23D90EC500E6F258 /* Build configuration list for PBXNativeTarget "Testy" */;
			buildPhases = (
				46C2EFAD23D90EC400E6F258 /* Sources */,
				46C2EFAE23D90EC400E6F258 /* Frameworks */,
				46C2EFAF23D90EC400E6F258 /* Resources */,
			);
			buildRules = (
			);
			dependencies = (
			);
			name = Testy;
			productName = Testy;
			productReference = 46C2EFB123D90EC400E6F258 /* Testy.app */;
			productType = "com.apple.product-type.application";
		};
		46C2EFC623D90EC500E6F258 /* TestyTests */ = {
			isa = PBXNativeTarget;
			buildConfigurationList = 46C2EFDE23D90EC500E6F258 /* Build configuration list for PBXNativeTarget "TestyTests" */;
			buildPhases = (
				46C2EFC323D90EC500E6F258 /* Sources */,
				46C2EFC423D90EC500E6F258 /* Frameworks */,
				46C2EFC523D90EC500E6F258 /* Resources */,
			);
			buildRules = (
			);
			dependencies = (
				46C2EFC923D90EC500E6F258 /* PBXTargetDependency */,
			);
			name = TestyTests;
			productName = TestyTests;
			productReference = 46C2EFC723D90EC500E6F258 /* TestyTests.xctest */;
			productType = "com.apple.product-type.bundle.unit-test";
		};
		46C2EFD123D90EC500E6F258 /* TestyUITests */ = {
			isa = PBXNativeTarget;
			buildConfigurationList = 46C2EFE123D90EC500E6F258 /* Build configuration list for PBXNativeTarget "TestyUITests" */;
			buildPhases = (
				46C2EFCE23D90EC500E6F258 /* Sources */,
				46C2EFCF23D90EC500E6F258 /* Frameworks */,
				46C2EFD023D90EC500E6F258 /* Resources */,
			);
			buildRules = (
			);
			dependencies = (
				46C2EFD423D90EC500E6F258 /* PBXTargetDependency */,
			);
			name = TestyUITests;
			productName = TestyUITests;
			productReference = 46C2EFD223D90EC500E6F258 /* TestyUITests.xctest */;
			productType = "com.apple.product-type.bundle.ui-testing";
		};
/* End PBXNativeTarget section */

/* Begin PBXProject section */
		46C2EFA923D90EC400E6F258 /* Project object */ = {
			isa = PBXProject;
			attributes = {
				LastSwiftUpdateCheck = 1130;
				LastUpgradeCheck = 1130;
				ORGANIZATIONNAME = "Youssef Elabd";
				TargetAttributes = {
					46C2EFB023D90EC400E6F258 = {
						CreatedOnToolsVersion = 11.3.1;
					};
					46C2EFC623D90EC500E6F258 = {
						CreatedOnToolsVersion = 11.3.1;
						TestTargetID = 46C2EFB023D90EC400E6F258;
					};
					46C2EFD123D90EC500E6F258 = {
						CreatedOnToolsVersion = 11.3.1;
						TestTargetID = 46C2EFB023D90EC400E6F258;
					};
				};
			};
			buildConfigurationList = 46C2EFAC23D90EC400E6F258 /* Build configuration list for PBXProject "Testy" */;
			compatibilityVersion = "Xcode 9.3";
			developmentRegion = en;
			hasScannedForEncodings = 0;
			knownRegions = (
				en,
				Base,
			);
			mainGroup = 46C2EFA823D90EC400E6F258;
			productRefGroup = 46C2EFB223D90EC400E6F258 /* Products */;
			projectDirPath = "";
			projectRoot = "";
			targets = (
				46C2EFB023D90EC400E6F258 /* Testy */,
				46C2EFC623D90EC500E6F258 /* TestyTests */,
				46C2EFD123D90EC500E6F258 /* TestyUITests */,
			);
		};
/* End PBXProject section */

/* Begin PBXResourcesBuildPhase section */
		46C2EFAF23D90EC400E6F258 /* Resources */ = {
			isa = PBXResourcesBuildPhase;
			buildActionMask = 2147483647;
			files = (
				46C2EFC123D90EC500E6F258 /* LaunchScreen.storyboard in Resources */,
				46C2EFBE23D90EC500E6F258 /* Assets.xcassets in Resources */,
				46C2EFBC23D90EC400E6F258 /* Main.storyboard in Resources */,
			);
			runOnlyForDeploymentPostprocessing = 0;
		};
		46C2EFC523D90EC500E6F258 /* Resources */ = {
			isa = PBXResourcesBuildPhase;
			buildActionMask = 2147483647;
			files = (
			);
			runOnlyForDeploymentPostprocessing = 0;
		};
		46C2EFD023D90EC500E6F258 /* Resources */ = {
			isa = PBXResourcesBuildPhase;
			buildActionMask = 2147483647;
			files = (
			);
			runOnlyForDeploymentPostprocessing = 0;
		};
/* End PBXResourcesBuildPhase section */

/* Begin PBXSourcesBuildPhase section */
		46C2EFAD23D90EC400E6F258 /* Sources */ = {
			isa = PBXSourcesBuildPhase;
			buildActionMask = 2147483647;
			files = (
				46C2EFB923D90EC400E6F258 /* ViewController.swift in Sources */,
				46C2EFB523D90EC400E6F258 /* AppDelegate.swift in Sources */,
				46C2EFB723D90EC400E6F258 /* SceneDelegate.swift in Sources */,
			);
			runOnlyForDeploymentPostprocessing = 0;
		};
		46C2EFC323D90EC500E6F258 /* Sources */ = {
			isa = PBXSourcesBuildPhase;
			buildActionMask = 2147483647;
			files = (
				46C2EFCC23D90EC500E6F258 /* TestyTests.swift in Sources */,
			);
			runOnlyForDeploymentPostprocessing = 0;
		};
		46C2EFCE23D90EC500E6F258 /* Sources */ = {
			isa = PBXSourcesBuildPhase;
			buildActionMask = 2147483647;
			files = (
				46C2EFD723D90EC500E6F258 /* TestyUITests.swift in Sources */,
			);
			runOnlyForDeploymentPostprocessing = 0;
		};
/* End PBXSourcesBuildPhase section */

/* Begin PBXTargetDependency section */
		46C2EFC923D90EC500E6F258 /* PBXTargetDependency */ = {
			isa = PBXTargetDependency;
			target = 46C2EFB023D90EC400E6F258 /* Testy */;
			targetProxy = 46C2EFC823D90EC500E6F258 /* PBXContainerItemProxy */;
		};
		46C2EFD423D90EC500E6F258 /* PBXTargetDependency */ = {
			isa = PBXTargetDependency;
			target = 46C2EFB023D90EC400E6F258 /* Testy */;
			targetProxy = 46C2EFD323D90EC500E6F258 /* PBXContainerItemProxy */;
		};
/* End PBXTargetDependency section */

/* Begin PBXVariantGroup section */
		46C2EFBA23D90EC400E6F258 /* Main.storyboard */ = {
			isa = PBXVariantGroup;
			children = (
				46C2EFBB23D90EC400E6F258 /* Base */,
			);
			name = Main.storyboard;
			sourceTree = "<group>";
		};
		46C2EFBF23D90EC500E6F258 /* LaunchScreen.storyboard */ = {
			isa = PBXVariantGroup;
			children = (
				46C2EFC023D90EC500E6F258 /* Base */,
			);
			name = LaunchScreen.storyboard;
			sourceTree = "<group>";
		};
/* End PBXVariantGroup section */

/* Begin XCBuildConfiguration section */
		46C2EFD923D90EC500E6F258 /* Debug */ = {
			isa = XCBuildConfiguration;
			buildSettings = {
				ALWAYS_SEARCH_USER_PATHS = NO;
				CLANG_ANALYZER_NONNULL = YES;
				CLANG_ANALYZER_NUMBER_OBJECT_CONVERSION = YES_AGGRESSIVE;
				CLANG_CXX_LANGUAGE_STANDARD = "gnu++14";
				CLANG_CXX_LIBRARY = "libc++";
				CLANG_ENABLE_MODULES = YES;
				CLANG_ENABLE_OBJC_ARC = YES;
				CLANG_ENABLE_OBJC_WEAK = YES;
				CLANG_WARN_BLOCK_CAPTURE_AUTORELEASING = YES;
				CLANG_WARN_BOOL_CONVERSION = YES;
				CLANG_WARN_COMMA = YES;
				CLANG_WARN_CONSTANT_CONVERSION = YES;
				CLANG_WARN_DEPRECATED_OBJC_IMPLEMENTATIONS = YES;
				CLANG_WARN_DIRECT_OBJC_ISA_USAGE = YES_ERROR;
				CLANG_WARN_DOCUMENTATION_COMMENTS = YES;
				CLANG_WARN_EMPTY_BODY = YES;
				CLANG_WARN_ENUM_CONVERSION = YES;
				CLANG_WARN_INFINITE_RECURSION = YES;
				CLANG_WARN_INT_CONVERSION = YES;
				CLANG_WARN_NON_LITERAL_NULL_CONVERSION = YES;
				CLANG_WARN_OBJC_IMPLICIT_RETAIN_SELF = YES;
				CLANG_WARN_OBJC_LITERAL_CONVERSION = YES;
				CLANG_WARN_OBJC_ROOT_CLASS = YES_ERROR;
				CLANG_WARN_RANGE_LOOP_ANALYSIS = YES;
				CLANG_WARN_STRICT_PROTOTYPES = YES;
				CLANG_WARN_SUSPICIOUS_MOVE = YES;
				CLANG_WARN_UNGUARDED_AVAILABILITY = YES_AGGRESSIVE;
				CLANG_WARN_UNREACHABLE_CODE = YES;
				CLANG_WARN__DUPLICATE_METHOD_MATCH = YES;
				COPY_PHASE_STRIP = NO;
				DEBUG_INFORMATION_FORMAT = dwarf;
				ENABLE_STRICT_OBJC_MSGSEND = YES;
				ENABLE_TESTABILITY = YES;
				GCC_C_LANGUAGE_STANDARD = gnu11;
				GCC_DYNAMIC_NO_PIC = NO;
				GCC_NO_COMMON_BLOCKS = YES;
				GCC_OPTIMIZATION_LEVEL = 0;
				GCC_PREPROCESSOR_DEFINITIONS = (
					"DEBUG=1",
					"$(inherited)",
				);
				GCC_WARN_64_TO_32_BIT_CONVERSION = YES;
				GCC_WARN_ABOUT_RETURN_TYPE = YES_ERROR;
				GCC_WARN_UNDECLARED_SELECTOR = YES;
				GCC_WARN_UNINITIALIZED_AUTOS = YES_AGGRESSIVE;
				GCC_WARN_UNUSED_FUNCTION = YES;
				GCC_WARN_UNUSED_VARIABLE = YES;
				IPHONEOS_DEPLOYMENT_TARGET = 13.2;
				MTL_ENABLE_DEBUG_INFO = INCLUDE_SOURCE;
				MTL_FAST_MATH = YES;
				ONLY_ACTIVE_ARCH = YES;
				SDKROOT = iphoneos;
				SWIFT_ACTIVE_COMPILATION_CONDITIONS = DEBUG;
				SWIFT_OPTIMIZATION_LEVEL = "-Onone";
			};
			name = Debug;
		};
		46C2EFDA23D90EC500E6F258 /* Release */ = {
			isa = XCBuildConfiguration;
			buildSettings = {
				ALWAYS_SEARCH_USER_PATHS = NO;
				CLANG_ANALYZER_NONNULL = YES;
				CLANG_ANALYZER_NUMBER_OBJECT_CONVERSION = YES_AGGRESSIVE;
				CLANG_CXX_LANGUAGE_STANDARD = "gnu++14";
				CLANG_CXX_LIBRARY = "libc++";
				CLANG_ENABLE_MODULES = YES;
				CLANG_ENABLE_OBJC_ARC = YES;
				CLANG_ENABLE_OBJC_WEAK = YES;
				CLANG_WARN_BLOCK_CAPTURE_AUTORELEASING = YES;
				CLANG_WARN_BOOL_CONVERSION = YES;
				CLANG_WARN_COMMA = YES;
				CLANG_WARN_CONSTANT_CONVERSION = YES;
				CLANG_WARN_DEPRECATED_OBJC_IMPLEMENTATIONS = YES;
				CLANG_WARN_DIRECT_OBJC_ISA_USAGE = YES_ERROR;
				CLANG_WARN_DOCUMENTATION_COMMENTS = YES;
				CLANG_WARN_EMPTY_BODY = YES;
				CLANG_WARN_ENUM_CONVERSION = YES;
				CLANG_WARN_INFINITE_RECURSION = YES;
				CLANG_WARN_INT_CONVERSION = YES;
				CLANG_WARN_NON_LITERAL_NULL_CONVERSION = YES;
				CLANG_WARN_OBJC_IMPLICIT_RETAIN_SELF = YES;
				CLANG_WARN_OBJC_LITERAL_CONVERSION = YES;
				CLANG_WARN_OBJC_ROOT_CLASS = YES_ERROR;
				CLANG_WARN_RANGE_LOOP_ANALYSIS = YES;
				CLANG_WARN_STRICT_PROTOTYPES = YES;
				CLANG_WARN_SUSPICIOUS_MOVE = YES;
				CLANG_WARN_UNGUARDED_AVAILABILITY = YES_AGGRESSIVE;
				CLANG_WARN_UNREACHABLE_CODE = YES;
				CLANG_WARN__DUPLICATE_METHOD_MATCH = YES;
				COPY_PHASE_STRIP = NO;
				DEBUG_INFORMATION_FORMAT = "dwarf-with-dsym";
				ENABLE_NS_ASSERTIONS = NO;
				ENABLE_STRICT_OBJC_MSGSEND = YES;
				GCC_C_LANGUAGE_STANDARD = gnu11;
				GCC_NO_COMMON_BLOCKS = YES;
				GCC_WARN_64_TO_32_BIT_CONVERSION = YES;
				GCC_WARN_ABOUT_RETURN_TYPE = YES_ERROR;
				GCC_WARN_UNDECLARED_SELECTOR = YES;
				GCC_WARN_UNINITIALIZED_AUTOS = YES_AGGRESSIVE;
				GCC_WARN_UNUSED_FUNCTION = YES;
				GCC_WARN_UNUSED_VARIABLE = YES;
				IPHONEOS_DEPLOYMENT_TARGET = 13.2;
				MTL_ENABLE_DEBUG_INFO = NO;
				MTL_FAST_MATH = YES;
				SDKROOT = iphoneos;
				SWIFT_COMPILATION_MODE = wholemodule;
				SWIFT_OPTIMIZATION_LEVEL = "-O";
				VALIDATE_PRODUCT = YES;
			};
			name = Release;
		};
		46C2EFDC23D90EC500E6F258 /* Debug */ = {
			isa = XCBuildConfiguration;
			buildSettings = {
				ASSETCATALOG_COMPILER_APPICON_NAME = AppIcon;
				CODE_SIGN_STYLE = Automatic;
				INFOPLIST_FILE = Testy/Info.plist;
				LD_RUNPATH_SEARCH_PATHS = (
					"$(inherited)",
					"@executable_path/Frameworks",
				);
				PRODUCT_BUNDLE_IDENTIFIER = com.purdueidc.Testy;
				PRODUCT_NAME = "$(TARGET_NAME)";
				SWIFT_VERSION = 5.0;
				TARGETED_DEVICE_FAMILY = "1,2";
			};
			name = Debug;
		};
		46C2EFDD23D90EC500E6F258 /* Release */ = {
			isa = XCBuildConfiguration;
			buildSettings = {
				ASSETCATALOG_COMPILER_APPICON_NAME = AppIcon;
				CODE_SIGN_STYLE = Automatic;
				INFOPLIST_FILE = Testy/Info.plist;
				LD_RUNPATH_SEARCH_PATHS = (
					"$(inherited)",
					"@executable_path/Frameworks",
				);
				PRODUCT_BUNDLE_IDENTIFIER = com.purdueidc.Testy;
				PRODUCT_NAME = "$(TARGET_NAME)";
				SWIFT_VERSION = 5.0;
				TARGETED_DEVICE_FAMILY = "1,2";
			};
			name = Release;
		};
		46C2EFDF23D90EC500E6F258 /* Debug */ = {
			isa = XCBuildConfiguration;
			buildSettings = {
				ALWAYS_EMBED_SWIFT_STANDARD_LIBRARIES = YES;
				BUNDLE_LOADER = "$(TEST_HOST)";
				CODE_SIGN_STYLE = Automatic;
				INFOPLIST_FILE = TestyTests/Info.plist;
				IPHONEOS_DEPLOYMENT_TARGET = 13.2;
				LD_RUNPATH_SEARCH_PATHS = (
					"$(inherited)",
					"@executable_path/Frameworks",
					"@loader_path/Frameworks",
				);
				PRODUCT_BUNDLE_IDENTIFIER = com.purdueidc.TestyTests;
				PRODUCT_NAME = "$(TARGET_NAME)";
				SWIFT_VERSION = 5.0;
				TARGETED_DEVICE_FAMILY = "1,2";
				TEST_HOST = "$(BUILT_PRODUCTS_DIR)/Testy.app/Testy";
			};
			name = Debug;
		};
		46C2EFE023D90EC500E6F258 /* Release */ = {
			isa = XCBuildConfiguration;
			buildSettings = {
				ALWAYS_EMBED_SWIFT_STANDARD_LIBRARIES = YES;
				BUNDLE_LOADER = "$(TEST_HOST)";
				CODE_SIGN_STYLE = Automatic;
				INFOPLIST_FILE = TestyTests/Info.plist;
				IPHONEOS_DEPLOYMENT_TARGET = 13.2;
				LD_RUNPATH_SEARCH_PATHS = (
					"$(inherited)",
					"@executable_path/Frameworks",
					"@loader_path/Frameworks",
				);
				PRODUCT_BUNDLE_IDENTIFIER = com.purdueidc.TestyTests;
				PRODUCT_NAME = "$(TARGET_NAME)";
				SWIFT_VERSION = 5.0;
				TARGETED_DEVICE_FAMILY = "1,2";
				TEST_HOST = "$(BUILT_PRODUCTS_DIR)/Testy.app/Testy";
			};
			name = Release;
		};
		46C2EFE223D90EC500E6F258 /* Debug */ = {
			isa = XCBuildConfiguration;
			buildSettings = {
				ALWAYS_EMBED_SWIFT_STANDARD_LIBRARIES = YES;
				CODE_SIGN_STYLE = Automatic;
				INFOPLIST_FILE = TestyUITests/Info.plist;
				LD_RUNPATH_SEARCH_PATHS = (
					"$(inherited)",
					"@executable_path/Frameworks",
					"@loader_path/Frameworks",
				);
				PRODUCT_BUNDLE_IDENTIFIER = com.purdueidc.TestyUITests;
				PRODUCT_NAME = "$(TARGET_NAME)";
				SWIFT_VERSION = 5.0;
				TARGETED_DEVICE_FAMILY = "1,2";
				TEST_TARGET_NAME = Testy;
			};
			name = Debug;
		};
		46C2EFE323D90EC500E6F258 /* Release */ = {
			isa = XCBuildConfiguration;
			buildSettings = {
				ALWAYS_EMBED_SWIFT_STANDARD_LIBRARIES = YES;
				CODE_SIGN_STYLE = Automatic;
				INFOPLIST_FILE = TestyUITests/Info.plist;
				LD_RUNPATH_SEARCH_PATHS = (
					"$(inherited)",
					"@executable_path/Frameworks",
					"@loader_path/Frameworks",
				);
				PRODUCT_BUNDLE_IDENTIFIER = com.purdueidc.TestyUITests;
				PRODUCT_NAME = "$(TARGET_NAME)";
				SWIFT_VERSION = 5.0;
				TARGETED_DEVICE_FAMILY = "1,2";
				TEST_TARGET_NAME = Testy;
			};
			name = Release;
		};
/* End XCBuildConfiguration section */

/* Begin XCConfigurationList section */
		46C2EFAC23D90EC400E6F258 /* Build configuration list for PBXProject "Testy" */ = {
			isa = XCConfigurationList;
			buildConfigurations = (
				46C2EFD923D90EC500E6F258 /* Debug */,
				46C2EFDA23D90EC500E6F258 /* Release */,
			);
			defaultConfigurationIsVisible = 0;
			defaultConfigurationName = Release;
		};
		46C2EFDB23D90EC500E6F258 /* Build configuration list for PBXNativeTarget "Testy" */ = {
			isa = XCConfigurationList;
			buildConfigurations = (
				46C2EFDC23D90EC500E6F258 /* Debug */,
				46C2EFDD23D90EC500E6F258 /* Release */,
			);
			defaultConfigurationIsVisible = 0;
			defaultConfigurationName = Release;
		};
		46C2EFDE23D90EC500E6F258 /* Build configuration list for PBXNativeTarget "TestyTests" */ = {
			isa = XCConfigurationList;
			buildConfigurations = (
				46C2EFDF23D90EC500E6F258 /* Debug */,
				46C2EFE023D90EC500E6F258 /* Release */,
			);
			defaultConfigurationIsVisible = 0;
			defaultConfigurationName = Release;
		};
		46C2EFE123D90EC500E6F258 /* Build configuration list for PBXNativeTarget "TestyUITests" */ = {
			isa = XCConfigurationList;
			buildConfigurations = (
				46C2EFE223D90EC500E6F258 /* Debug */,
				46C2EFE323D90EC500E6F258 /* Release */,
			);
			defaultConfigurationIsVisible = 0;
			defaultConfigurationName = Release;
		};
/* End XCConfigurationList section */
	};
	rootObject = 46C2EFA923D90EC400E6F258 /* Project object */;
}
